
Microsoft Visual Studio Solution File, Format Version 12.00
# Visual Studio Version 16
VisualStudioVersion = 16.0.32126.315
MinimumVisualStudioVersion = 10.0.40219.1
Project("{FAE04EC0-301F-11D3-BF4B-00C04F79EFBC}") = "Prime_Number", "Prime_Number\Prime_Number.csproj", "{C7969CCD-377D-449F-AD1A-1504063B9C39}"
EndProject
Global
	GlobalSection(SolutionConfigurationPlatforms) = preSolution
		Debug|Any CPU = Debug|Any CPU
		Release|Any CPU = Release|Any CPU
	EndGlobalSection
	GlobalSection(ProjectConfigurationPlatforms) = postSolution
		{C7969CCD-377D-449F-AD1A-1504063B9C39}.Debug|Any CPU.ActiveCfg = Debug|Any CPU
		{C7969CCD-377D-449F-AD1A-1504063B9C39}.Debug|Any CPU.Build.0 = Debug|Any CPU
		{C7969CCD-377D-449F-AD1A-1504063B9C39}.Release|Any CPU.ActiveCfg = Release|Any CPU
		{C7969CCD-377D-449F-AD1A-1504063B9C39}.Release|Any CPU.Build.0 = Release|Any CPU
	EndGlobalSection
	GlobalSection(SolutionProperties) = preSolution
		HideSolutionNode = FALSE
	EndGlobalSection
	GlobalSection(ExtensibilityGlobals) = postSolution
		SolutionGuid = {FFB923E1-AAB3-44FA-98BB-66DD682B34F3}
	EndGlobalSection
EndGlobal
